
Microsoft Visual Studio Solution File, Format Version 12.00
# Visual Studio Version 16
VisualStudioVersion = 16.0.29409.12
MinimumVisualStudioVersion = 10.0.40219.1
Project("{FAE04EC0-301F-11D3-BF4B-00C04F79EFBC}") = "Henon", "Criptologia\Henon.csproj", "{5899CFC3-4273-49F4-9FC7-B69A693643D3}"
EndProject
Project("{FAE04EC0-301F-11D3-BF4B-00C04F79EFBC}") = "Tent Map", "Tent Map\Tent Map.csproj", "{BA58A5CD-B457-4FB7-8D23-2A323ECE45A1}"
EndProject
Global
	GlobalSection(SolutionConfigurationPlatforms) = preSolution
		Debug|Any CPU = Debug|Any CPU
		Release|Any CPU = Release|Any CPU
	EndGlobalSection
	GlobalSection(ProjectConfigurationPlatforms) = postSolution
		{5899CFC3-4273-49F4-9FC7-B69A693643D3}.Debug|Any CPU.ActiveCfg = Debug|Any CPU
		{5899CFC3-4273-49F4-9FC7-B69A693643D3}.Debug|Any CPU.Build.0 = Debug|Any CPU
		{5899CFC3-4273-49F4-9FC7-B69A693643D3}.Release|Any CPU.ActiveCfg = Release|Any CPU
		{5899CFC3-4273-49F4-9FC7-B69A693643D3}.Release|Any CPU.Build.0 = Release|Any CPU
		{BA58A5CD-B457-4FB7-8D23-2A323ECE45A1}.Debug|Any CPU.ActiveCfg = Debug|Any CPU
		{BA58A5CD-B457-4FB7-8D23-2A323ECE45A1}.Debug|Any CPU.Build.0 = Debug|Any CPU
		{BA58A5CD-B457-4FB7-8D23-2A323ECE45A1}.Release|Any CPU.ActiveCfg = Release|Any CPU
		{BA58A5CD-B457-4FB7-8D23-2A323ECE45A1}.Release|Any CPU.Build.0 = Release|Any CPU
	EndGlobalSection
	GlobalSection(SolutionProperties) = preSolution
		HideSolutionNode = FALSE
	EndGlobalSection
	GlobalSection(ExtensibilityGlobals) = postSolution
		SolutionGuid = {22CA6358-14A8-4B54-A968-78A4ED55BC08}
	EndGlobalSection
EndGlobal
